
Microsoft Visual Studio Solution File, Format Version 12.00
# Visual Studio Version 16
VisualStudioVersion = 16.0.33027.164
MinimumVisualStudioVersion = 10.0.40219.1
Project("{FAE04EC0-301F-11D3-BF4B-00C04F79EFBC}") = "automotive-shop", "automotive-shop\automotive-shop.csproj", "{E2C258D2-D53E-4BE4-B4A2-2624C08F00FA}"
EndProject
Global
	GlobalSection(SolutionConfigurationPlatforms) = preSolution
		Debug|Any CPU = Debug|Any CPU
		Release|Any CPU = Release|Any CPU
	EndGlobalSection
	GlobalSection(ProjectConfigurationPlatforms) = postSolution
		{E2C258D2-D53E-4BE4-B4A2-2624C08F00FA}.Debug|Any CPU.ActiveCfg = Debug|Any CPU
		{E2C258D2-D53E-4BE4-B4A2-2624C08F00FA}.Debug|Any CPU.Build.0 = Debug|Any CPU
		{E2C258D2-D53E-4BE4-B4A2-2624C08F00FA}.Release|Any CPU.ActiveCfg = Release|Any CPU
		{E2C258D2-D53E-4BE4-B4A2-2624C08F00FA}.Release|Any CPU.Build.0 = Release|Any CPU
	EndGlobalSection
	GlobalSection(SolutionProperties) = preSolution
		HideSolutionNode = FALSE
	EndGlobalSection
	GlobalSection(ExtensibilityGlobals) = postSolution
		SolutionGuid = {2E84323B-C664-42FB-AB03-C7093B1B79C6}
	EndGlobalSection
EndGlobal
